
Microsoft Visual Studio Solution File, Format Version 12.00
# Visual Studio Version 16
VisualStudioVersion = 16.0.30508.10
MinimumVisualStudioVersion = 10.0.40219.1
Project("{9A19103F-16F7-4668-BE54-9A1E7A4F7556}") = "SignToolAsALibrary", "SignToolAsALibrary.csproj", "{5EDEFE53-2BE5-47F1-A0D5-114E11531965}"
EndProject
Global
	GlobalSection(SolutionConfigurationPlatforms) = preSolution
		Debug|Any CPU = Debug|Any CPU
		Release|Any CPU = Release|Any CPU
	EndGlobalSection
	GlobalSection(ProjectConfigurationPlatforms) = postSolution
		{5EDEFE53-2BE5-47F1-A0D5-114E11531965}.Debug|Any CPU.ActiveCfg = Debug|Any CPU
		{5EDEFE53-2BE5-47F1-A0D5-114E11531965}.Debug|Any CPU.Build.0 = Debug|Any CPU
		{5EDEFE53-2BE5-47F1-A0D5-114E11531965}.Release|Any CPU.ActiveCfg = Release|Any CPU
		{5EDEFE53-2BE5-47F1-A0D5-114E11531965}.Release|Any CPU.Build.0 = Release|Any CPU
	EndGlobalSection
	GlobalSection(SolutionProperties) = preSolution
		HideSolutionNode = FALSE
	EndGlobalSection
	GlobalSection(ExtensibilityGlobals) = postSolution
		SolutionGuid = {06F2D107-68D1-4C62-9501-3B164CF0A7C8}
	EndGlobalSection
EndGlobal
